
Microsoft Visual Studio Solution File, Format Version 12.00
# Visual Studio 15
VisualStudioVersion = 15.0.28010.2046
MinimumVisualStudioVersion = 10.0.40219.1
Project("{FAE04EC0-301F-11D3-BF4B-00C04F79EFBC}") = "EtchSketch_UI", "EtchSketch_UI\EtchSketch_UI.csproj", "{259FB6C1-BFD9-4A6F-B9E4-44B605D23D62}"
EndProject
Global
	GlobalSection(SolutionConfigurationPlatforms) = preSolution
		Debug|Any CPU = Debug|Any CPU
		Release|Any CPU = Release|Any CPU
	EndGlobalSection
	GlobalSection(ProjectConfigurationPlatforms) = postSolution
		{259FB6C1-BFD9-4A6F-B9E4-44B605D23D62}.Debug|Any CPU.ActiveCfg = Debug|Any CPU
		{259FB6C1-BFD9-4A6F-B9E4-44B605D23D62}.Debug|Any CPU.Build.0 = Debug|Any CPU
		{259FB6C1-BFD9-4A6F-B9E4-44B605D23D62}.Release|Any CPU.ActiveCfg = Release|Any CPU
		{259FB6C1-BFD9-4A6F-B9E4-44B605D23D62}.Release|Any CPU.Build.0 = Release|Any CPU
	EndGlobalSection
	GlobalSection(SolutionProperties) = preSolution
		HideSolutionNode = FALSE
	EndGlobalSection
	GlobalSection(ExtensibilityGlobals) = postSolution
		SolutionGuid = {82C0B581-32B2-4A14-BE0A-E3D21D86B4F1}
	EndGlobalSection
EndGlobal
